
Microsoft Visual Studio Solution File, Format Version 12.00
# Visual Studio 15
VisualStudioVersion = 15.0.28307.1401
MinimumVisualStudioVersion = 10.0.40219.1
Project("{FAE04EC0-301F-11D3-BF4B-00C04F79EFBC}") = "Calculadora", "Calculadora\Calculadora.csproj", "{CD6A63A1-D9AA-4F36-8B2E-4FAA90346BEF}"
EndProject
Project("{FAE04EC0-301F-11D3-BF4B-00C04F79EFBC}") = "Tabuada", "Tabuada\Tabuada.csproj", "{5D0E8665-ED95-4DC6-B804-637095EEC1EB}"
EndProject
Global
	GlobalSection(SolutionConfigurationPlatforms) = preSolution
		Debug|Any CPU = Debug|Any CPU
		Release|Any CPU = Release|Any CPU
	EndGlobalSection
	GlobalSection(ProjectConfigurationPlatforms) = postSolution
		{CD6A63A1-D9AA-4F36-8B2E-4FAA90346BEF}.Debug|Any CPU.ActiveCfg = Debug|Any CPU
		{CD6A63A1-D9AA-4F36-8B2E-4FAA90346BEF}.Debug|Any CPU.Build.0 = Debug|Any CPU
		{CD6A63A1-D9AA-4F36-8B2E-4FAA90346BEF}.Release|Any CPU.ActiveCfg = Release|Any CPU
		{CD6A63A1-D9AA-4F36-8B2E-4FAA90346BEF}.Release|Any CPU.Build.0 = Release|Any CPU
		{5D0E8665-ED95-4DC6-B804-637095EEC1EB}.Debug|Any CPU.ActiveCfg = Debug|Any CPU
		{5D0E8665-ED95-4DC6-B804-637095EEC1EB}.Debug|Any CPU.Build.0 = Debug|Any CPU
		{5D0E8665-ED95-4DC6-B804-637095EEC1EB}.Release|Any CPU.ActiveCfg = Release|Any CPU
		{5D0E8665-ED95-4DC6-B804-637095EEC1EB}.Release|Any CPU.Build.0 = Release|Any CPU
	EndGlobalSection
	GlobalSection(SolutionProperties) = preSolution
		HideSolutionNode = FALSE
	EndGlobalSection
	GlobalSection(ExtensibilityGlobals) = postSolution
		SolutionGuid = {698F2A97-D5C6-4A10-A3C6-D23D8674FA2B}
	EndGlobalSection
EndGlobal
